// !$*UTF8*$!
{
	archiveVersion = 1;
	classes = {
	};
	objectVersion = 56;
	objects = {

/* Begin PBXBuildFile section */
		C33CB92C2B6BED7800703FCB /* Lab_TDD3App.swift in Sources */ = {isa = PBXBuildFile; fileRef = C33CB92B2B6BED7800703FCB /* Lab_TDD3App.swift */; };
		C33CB92E2B6BED7800703FCB /* ContentView.swift in Sources */ = {isa = PBXBuildFile; fileRef = C33CB92D2B6BED7800703FCB /* ContentView.swift */; };
		C33CB9302B6BED7A00703FCB /* Assets.xcassets in Resources */ = {isa = PBXBuildFile; fileRef = C33CB92F2B6BED7A00703FCB /* Assets.xcassets */; };
		C33CB9332B6BED7A00703FCB /* Preview Assets.xcassets in Resources */ = {isa = PBXBuildFile; fileRef = C33CB9322B6BED7A00703FCB /* Preview Assets.xcassets */; };
		C33CB9402B6BED8800703FCB /* Lab_TDD3Tests.swift in Sources */ = {isa = PBXBuildFile; fileRef = C33CB93F2B6BED8800703FCB /* Lab_TDD3Tests.swift */; };
		C33CB9472B6BEEB600703FCB /* Student.swift in Sources */ = {isa = PBXBuildFile; fileRef = C33CB9462B6BEEB600703FCB /* Student.swift */; };
/* End PBXBuildFile section */

/* Begin PBXContainerItemProxy section */
		C33CB9412B6BED8800703FCB /* PBXContainerItemProxy */ = {
			isa = PBXContainerItemProxy;
			containerPortal = C33CB9202B6BED7800703FCB /* Project object */;
			proxyType = 1;
			remoteGlobalIDString = C33CB9272B6BED7800703FCB;
			remoteInfo = "Lab-TDD3";
		};
/* End PBXContainerItemProxy section */

/* Begin PBXFileReference section */
		C33CB9282B6BED7800703FCB /* Lab-TDD3.app */ = {isa = PBXFileReference; explicitFileType = wrapper.application; includeInIndex = 0; path = "Lab-TDD3.app"; sourceTree = BUILT_PRODUCTS_DIR; };
		C33CB92B2B6BED7800703FCB /* Lab_TDD3App.swift */ = {isa = PBXFileReference; lastKnownFileType = sourcecode.swift; path = Lab_TDD3App.swift; sourceTree = "<group>"; };
		C33CB92D2B6BED7800703FCB /* ContentView.swift */ = {isa = PBXFileReference; lastKnownFileType = sourcecode.swift; path = ContentView.swift; sourceTree = "<group>"; };
		C33CB92F2B6BED7A00703FCB /* Assets.xcassets */ = {isa = PBXFileReference; lastKnownFileType = folder.assetcatalog; path = Assets.xcassets; sourceTree = "<group>"; };
		C33CB9322B6BED7A00703FCB /* Preview Assets.xcassets */ = {isa = PBXFileReference; lastKnownFileType = folder.assetcatalog; path = "Preview Assets.xcassets"; sourceTree = "<group>"; };
		C33CB93D2B6BED8800703FCB /* Lab-TDD3Tests.xctest */ = {isa = PBXFileReference; explicitFileType = wrapper.cfbundle; includeInIndex = 0; path = "Lab-TDD3Tests.xctest"; sourceTree = BUILT_PRODUCTS_DIR; };
		C33CB93F2B6BED8800703FCB /* Lab_TDD3Tests.swift */ = {isa = PBXFileReference; lastKnownFileType = sourcecode.swift; path = Lab_TDD3Tests.swift; sourceTree = "<group>"; };
		C33CB9462B6BEEB600703FCB /* Student.swift */ = {isa = PBXFileReference; lastKnownFileType = sourcecode.swift; path = Student.swift; sourceTree = "<group>"; };
/* End PBXFileReference section */

/* Begin PBXFrameworksBuildPhase section */
		C33CB9252B6BED7800703FCB /* Frameworks */ = {
			isa = PBXFrameworksBuildPhase;
			buildActionMask = 2147483647;
			files = (
			);
			runOnlyForDeploymentPostprocessing = 0;
		};
		C33CB93A2B6BED8800703FCB /* Frameworks */ = {
			isa = PBXFrameworksBuildPhase;
			buildActionMask = 2147483647;
			files = (
			);
			runOnlyForDeploymentPostprocessing = 0;
		};
/* End PBXFrameworksBuildPhase section */

/* Begin PBXGroup section */
		C33CB91F2B6BED7800703FCB = {
			isa = PBXGroup;
			children = (
				C33CB92A2B6BED7800703FCB /* Lab-TDD3 */,
				C33CB93E2B6BED8800703FCB /* Lab-TDD3Tests */,
				C33CB9292B6BED7800703FCB /* Products */,
			);
			sourceTree = "<group>";
		};
		C33CB9292B6BED7800703FCB /* Products */ = {
			isa = PBXGroup;
			children = (
				C33CB9282B6BED7800703FCB /* Lab-TDD3.app */,
				C33CB93D2B6BED8800703FCB /* Lab-TDD3Tests.xctest */,
			);
			name = Products;
			sourceTree = "<group>";
		};
		C33CB92A2B6BED7800703FCB /* Lab-TDD3 */ = {
			isa = PBXGroup;
			children = (
				C33CB92B2B6BED7800703FCB /* Lab_TDD3App.swift */,
				C33CB92D2B6BED7800703FCB /* ContentView.swift */,
				C33CB92F2B6BED7A00703FCB /* Assets.xcassets */,
				C33CB9312B6BED7A00703FCB /* Preview Content */,
				C33CB9462B6BEEB600703FCB /* Student.swift */,
			);
			path = "Lab-TDD3";
			sourceTree = "<group>";
		};
		C33CB9312B6BED7A00703FCB /* Preview Content */ = {
			isa = PBXGroup;
			children = (
				C33CB9322B6BED7A00703FCB /* Preview Assets.xcassets */,
			);
			path = "Preview Content";
			sourceTree = "<group>";
		};
		C33CB93E2B6BED8800703FCB /* Lab-TDD3Tests */ = {
			isa = PBXGroup;
			children = (
				C33CB93F2B6BED8800703FCB /* Lab_TDD3Tests.swift */,
			);
			path = "Lab-TDD3Tests";
			sourceTree = "<group>";
		};
/* End PBXGroup section */

/* Begin PBXNativeTarget section */
		C33CB9272B6BED7800703FCB /* Lab-TDD3 */ = {
			isa = PBXNativeTarget;
			buildConfigurationList = C33CB9362B6BED7A00703FCB /* Build configuration list for PBXNativeTarget "Lab-TDD3" */;
			buildPhases = (
				C33CB9242B6BED7800703FCB /* Sources */,
				C33CB9252B6BED7800703FCB /* Frameworks */,
				C33CB9262B6BED7800703FCB /* Resources */,
			);
			buildRules = (
			);
			dependencies = (
			);
			name = "Lab-TDD3";
			productName = "Lab-TDD3";
			productReference = C33CB9282B6BED7800703FCB /* Lab-TDD3.app */;
			productType = "com.apple.product-type.application";
		};
		C33CB93C2B6BED8800703FCB /* Lab-TDD3Tests */ = {
			isa = PBXNativeTarget;
			buildConfigurationList = C33CB9432B6BED8800703FCB /* Build configuration list for PBXNativeTarget "Lab-TDD3Tests" */;
			buildPhases = (
				C33CB9392B6BED8800703FCB /* Sources */,
				C33CB93A2B6BED8800703FCB /* Frameworks */,
				C33CB93B2B6BED8800703FCB /* Resources */,
			);
			buildRules = (
			);
			dependencies = (
				C33CB9422B6BED8800703FCB /* PBXTargetDependency */,
			);
			name = "Lab-TDD3Tests";
			productName = "Lab-TDD3Tests";
			productReference = C33CB93D2B6BED8800703FCB /* Lab-TDD3Tests.xctest */;
			productType = "com.apple.product-type.bundle.unit-test";
		};
/* End PBXNativeTarget section */

/* Begin PBXProject section */
		C33CB9202B6BED7800703FCB /* Project object */ = {
			isa = PBXProject;
			attributes = {
				BuildIndependentTargetsInParallel = 1;
				LastSwiftUpdateCheck = 1500;
				LastUpgradeCheck = 1500;
				TargetAttributes = {
					C33CB9272B6BED7800703FCB = {
						CreatedOnToolsVersion = 15.0.1;
					};
					C33CB93C2B6BED8800703FCB = {
						CreatedOnToolsVersion = 15.0.1;
						TestTargetID = C33CB9272B6BED7800703FCB;
					};
				};
			};
			buildConfigurationList = C33CB9232B6BED7800703FCB /* Build configuration list for PBXProject "Lab-TDD3" */;
			compatibilityVersion = "Xcode 14.0";
			developmentRegion = en;
			hasScannedForEncodings = 0;
			knownRegions = (
				en,
				Base,
			);
			mainGroup = C33CB91F2B6BED7800703FCB;
			productRefGroup = C33CB9292B6BED7800703FCB /* Products */;
			projectDirPath = "";
			projectRoot = "";
			targets = (
				C33CB9272B6BED7800703FCB /* Lab-TDD3 */,
				C33CB93C2B6BED8800703FCB /* Lab-TDD3Tests */,
			);
		};
/* End PBXProject section */

/* Begin PBXResourcesBuildPhase section */
		C33CB9262B6BED7800703FCB /* Resources */ = {
			isa = PBXResourcesBuildPhase;
			buildActionMask = 2147483647;
			files = (
				C33CB9332B6BED7A00703FCB /* Preview Assets.xcassets in Resources */,
				C33CB9302B6BED7A00703FCB /* Assets.xcassets in Resources */,
			);
			runOnlyForDeploymentPostprocessing = 0;
		};
		C33CB93B2B6BED8800703FCB /* Resources */ = {
			isa = PBXResourcesBuildPhase;
			buildActionMask = 2147483647;
			files = (
			);
			runOnlyForDeploymentPostprocessing = 0;
		};
/* End PBXResourcesBuildPhase section */

/* Begin PBXSourcesBuildPhase section */
		C33CB9242B6BED7800703FCB /* Sources */ = {
			isa = PBXSourcesBuildPhase;
			buildActionMask = 2147483647;
			files = (
				C33CB92E2B6BED7800703FCB /* ContentView.swift in Sources */,
				C33CB9472B6BEEB600703FCB /* Student.swift in Sources */,
				C33CB92C2B6BED7800703FCB /* Lab_TDD3App.swift in Sources */,
			);
			runOnlyForDeploymentPostprocessing = 0;
		};
		C33CB9392B6BED8800703FCB /* Sources */ = {
			isa = PBXSourcesBuildPhase;
			buildActionMask = 2147483647;
			files = (
				C33CB9402B6BED8800703FCB /* Lab_TDD3Tests.swift in Sources */,
			);
			runOnlyForDeploymentPostprocessing = 0;
		};
/* End PBXSourcesBuildPhase section */

/* Begin PBXTargetDependency section */
		C33CB9422B6BED8800703FCB /* PBXTargetDependency */ = {
			isa = PBXTargetDependency;
			target = C33CB9272B6BED7800703FCB /* Lab-TDD3 */;
			targetProxy = C33CB9412B6BED8800703FCB /* PBXContainerItemProxy */;
		};
/* End PBXTargetDependency section */

/* Begin XCBuildConfiguration section */
		C33CB9342B6BED7A00703FCB /* Debug */ = {
			isa = XCBuildConfiguration;
			buildSettings = {
				ALWAYS_SEARCH_USER_PATHS = NO;
				ASSETCATALOG_COMPILER_GENERATE_SWIFT_ASSET_SYMBOL_EXTENSIONS = YES;
				CLANG_ANALYZER_NONNULL = YES;
				CLANG_ANALYZER_NUMBER_OBJECT_CONVERSION = YES_AGGRESSIVE;
				CLANG_CXX_LANGUAGE_STANDARD = "gnu++20";
				CLANG_ENABLE_MODULES = YES;
				CLANG_ENABLE_OBJC_ARC = YES;
				CLANG_ENABLE_OBJC_WEAK = YES;
				CLANG_WARN_BLOCK_CAPTURE_AUTORELEASING = YES;
				CLANG_WARN_BOOL_CONVERSION = YES;
				CLANG_WARN_COMMA = YES;
				CLANG_WARN_CONSTANT_CONVERSION = YES;
				CLANG_WARN_DEPRECATED_OBJC_IMPLEMENTATIONS = YES;
				CLANG_WARN_DIRECT_OBJC_ISA_USAGE = YES_ERROR;
				CLANG_WARN_DOCUMENTATION_COMMENTS = YES;
				CLANG_WARN_EMPTY_BODY = YES;
				CLANG_WARN_ENUM_CONVERSION = YES;
				CLANG_WARN_INFINITE_RECURSION = YES;
				CLANG_WARN_INT_CONVERSION = YES;
				CLANG_WARN_NON_LITERAL_NULL_CONVERSION = YES;
				CLANG_WARN_OBJC_IMPLICIT_RETAIN_SELF = YES;
				CLANG_WARN_OBJC_LITERAL_CONVERSION = YES;
				CLANG_WARN_OBJC_ROOT_CLASS = YES_ERROR;
				CLANG_WARN_QUOTED_INCLUDE_IN_FRAMEWORK_HEADER = YES;
				CLANG_WARN_RANGE_LOOP_ANALYSIS = YES;
				CLANG_WARN_STRICT_PROTOTYPES = YES;
				CLANG_WARN_SUSPICIOUS_MOVE = YES;
				CLANG_WARN_UNGUARDED_AVAILABILITY = YES_AGGRESSIVE;
				CLANG_WARN_UNREACHABLE_CODE = YES;
				CLANG_WARN__DUPLICATE_METHOD_MATCH = YES;
				COPY_PHASE_STRIP = NO;
				DEBUG_INFORMATION_FORMAT = dwarf;
				ENABLE_STRICT_OBJC_MSGSEND = YES;
				ENABLE_TESTABILITY = YES;
				ENABLE_USER_SCRIPT_SANDBOXING = YES;
				GCC_C_LANGUAGE_STANDARD = gnu17;
				GCC_DYNAMIC_NO_PIC = NO;
				GCC_NO_COMMON_BLOCKS = YES;
				GCC_OPTIMIZATION_LEVEL = 0;
				GCC_PREPROCESSOR_DEFINITIONS = (
					"DEBUG=1",
					"$(inherited)",
				);
				GCC_WARN_64_TO_32_BIT_CONVERSION = YES;
				GCC_WARN_ABOUT_RETURN_TYPE = YES_ERROR;
				GCC_WARN_UNDECLARED_SELECTOR = YES;
				GCC_WARN_UNINITIALIZED_AUTOS = YES_AGGRESSIVE;
				GCC_WARN_UNUSED_FUNCTION = YES;
				GCC_WARN_UNUSED_VARIABLE = YES;
				IPHONEOS_DEPLOYMENT_TARGET = 17.0;
				LOCALIZATION_PREFERS_STRING_CATALOGS = YES;
				MTL_ENABLE_DEBUG_INFO = INCLUDE_SOURCE;
				MTL_FAST_MATH = YES;
				ONLY_ACTIVE_ARCH = YES;
				SDKROOT = iphoneos;
				SWIFT_ACTIVE_COMPILATION_CONDITIONS = "DEBUG $(inherited)";
				SWIFT_OPTIMIZATION_LEVEL = "-Onone";
			};
			name = Debug;
		};
		C33CB9352B6BED7A00703FCB /* Release */ = {
			isa = XCBuildConfiguration;
			buildSettings = {
				ALWAYS_SEARCH_USER_PATHS = NO;
				ASSETCATALOG_COMPILER_GENERATE_SWIFT_ASSET_SYMBOL_EXTENSIONS = YES;
				CLANG_ANALYZER_NONNULL = YES;
				CLANG_ANALYZER_NUMBER_OBJECT_CONVERSION = YES_AGGRESSIVE;
				CLANG_CXX_LANGUAGE_STANDARD = "gnu++20";
				CLANG_ENABLE_MODULES = YES;
				CLANG_ENABLE_OBJC_ARC = YES;
				CLANG_ENABLE_OBJC_WEAK = YES;
				CLANG_WARN_BLOCK_CAPTURE_AUTORELEASING = YES;
				CLANG_WARN_BOOL_CONVERSION = YES;
				CLANG_WARN_COMMA = YES;
				CLANG_WARN_CONSTANT_CONVERSION = YES;
				CLANG_WARN_DEPRECATED_OBJC_IMPLEMENTATIONS = YES;
				CLANG_WARN_DIRECT_OBJC_ISA_USAGE = YES_ERROR;
				CLANG_WARN_DOCUMENTATION_COMMENTS = YES;
				CLANG_WARN_EMPTY_BODY = YES;
				CLANG_WARN_ENUM_CONVERSION = YES;
				CLANG_WARN_INFINITE_RECURSION = YES;
				CLANG_WARN_INT_CONVERSION = YES;
				CLANG_WARN_NON_LITERAL_NULL_CONVERSION = YES;
				CLANG_WARN_OBJC_IMPLICIT_RETAIN_SELF = YES;
				CLANG_WARN_OBJC_LITERAL_CONVERSION = YES;
				CLANG_WARN_OBJC_ROOT_CLASS = YES_ERROR;
				CLANG_WARN_QUOTED_INCLUDE_IN_FRAMEWORK_HEADER = YES;
				CLANG_WARN_RANGE_LOOP_ANALYSIS = YES;
				CLANG_WARN_STRICT_PROTOTYPES = YES;
				CLANG_WARN_SUSPICIOUS_MOVE = YES;
				CLANG_WARN_UNGUARDED_AVAILABILITY = YES_AGGRESSIVE;
				CLANG_WARN_UNREACHABLE_CODE = YES;
				CLANG_WARN__DUPLICATE_METHOD_MATCH = YES;
				COPY_PHASE_STRIP = NO;
				DEBUG_INFORMATION_FORMAT = "dwarf-with-dsym";
				ENABLE_NS_ASSERTIONS = NO;
				ENABLE_STRICT_OBJC_MSGSEND = YES;
				ENABLE_USER_SCRIPT_SANDBOXING = YES;
				GCC_C_LANGUAGE_STANDARD = gnu17;
				GCC_NO_COMMON_BLOCKS = YES;
				GCC_WARN_64_TO_32_BIT_CONVERSION = YES;
				GCC_WARN_ABOUT_RETURN_TYPE = YES_ERROR;
				GCC_WARN_UNDECLARED_SELECTOR = YES;
				GCC_WARN_UNINITIALIZED_AUTOS = YES_AGGRESSIVE;
				GCC_WARN_UNUSED_FUNCTION = YES;
				GCC_WARN_UNUSED_VARIABLE = YES;
				IPHONEOS_DEPLOYMENT_TARGET = 17.0;
				LOCALIZATION_PREFERS_STRING_CATALOGS = YES;
				MTL_ENABLE_DEBUG_INFO = NO;
				MTL_FAST_MATH = YES;
				SDKROOT = iphoneos;
				SWIFT_COMPILATION_MODE = wholemodule;
				VALIDATE_PRODUCT = YES;
			};
			name = Release;
		};
		C33CB9372B6BED7A00703FCB /* Debug */ = {
			isa = XCBuildConfiguration;
			buildSettings = {
				ASSETCATALOG_COMPILER_APPICON_NAME = AppIcon;
				ASSETCATALOG_COMPILER_GLOBAL_ACCENT_COLOR_NAME = AccentColor;
				CODE_SIGN_STYLE = Automatic;
				CURRENT_PROJECT_VERSION = 1;
				DEVELOPMENT_ASSET_PATHS = "\"Lab-TDD3/Preview Content\"";
				DEVELOPMENT_TEAM = 5YZ2DZZ6ZL;
				ENABLE_PREVIEWS = YES;
				GENERATE_INFOPLIST_FILE = YES;
				INFOPLIST_KEY_UIApplicationSceneManifest_Generation = YES;
				INFOPLIST_KEY_UIApplicationSupportsIndirectInputEvents = YES;
				INFOPLIST_KEY_UILaunchScreen_Generation = YES;
				INFOPLIST_KEY_UISupportedInterfaceOrientations_iPad = "UIInterfaceOrientationPortrait UIInterfaceOrientationPortraitUpsideDown UIInterfaceOrientationLandscapeLeft UIInterfaceOrientationLandscapeRight";
				INFOPLIST_KEY_UISupportedInterfaceOrientations_iPhone = "UIInterfaceOrientationPortrait UIInterfaceOrientationLandscapeLeft UIInterfaceOrientationLandscapeRight";
				LD_RUNPATH_SEARCH_PATHS = (
					"$(inherited)",
					"@executable_path/Frameworks",
				);
				MARKETING_VERSION = 1.0;
				PRODUCT_BUNDLE_IDENTIFIER = "com.EverettBrothers.Lab-TDD3";
				PRODUCT_NAME = "$(TARGET_NAME)";
				SWIFT_EMIT_LOC_STRINGS = YES;
				SWIFT_VERSION = 5.0;
				TARGETED_DEVICE_FAMILY = "1,2";
			};
			name = Debug;
		};
		C33CB9382B6BED7A00703FCB /* Release */ = {
			isa = XCBuildConfiguration;
			buildSettings = {
				ASSETCATALOG_COMPILER_APPICON_NAME = AppIcon;
				ASSETCATALOG_COMPILER_GLOBAL_ACCENT_COLOR_NAME = AccentColor;
				CODE_SIGN_STYLE = Automatic;
				CURRENT_PROJECT_VERSION = 1;
				DEVELOPMENT_ASSET_PATHS = "\"Lab-TDD3/Preview Content\"";
				DEVELOPMENT_TEAM = 5YZ2DZZ6ZL;
				ENABLE_PREVIEWS = YES;
				GENERATE_INFOPLIST_FILE = YES;
				INFOPLIST_KEY_UIApplicationSceneManifest_Generation = YES;
				INFOPLIST_KEY_UIApplicationSupportsIndirectInputEvents = YES;
				INFOPLIST_KEY_UILaunchScreen_Generation = YES;
				INFOPLIST_KEY_UISupportedInterfaceOrientations_iPad = "UIInterfaceOrientationPortrait UIInterfaceOrientationPortraitUpsideDown UIInterfaceOrientationLandscapeLeft UIInterfaceOrientationLandscapeRight";
				INFOPLIST_KEY_UISupportedInterfaceOrientations_iPhone = "UIInterfaceOrientationPortrait UIInterfaceOrientationLandscapeLeft UIInterfaceOrientationLandscapeRight";
				LD_RUNPATH_SEARCH_PATHS = (
					"$(inherited)",
					"@executable_path/Frameworks",
				);
				MARKETING_VERSION = 1.0;
				PRODUCT_BUNDLE_IDENTIFIER = "com.EverettBrothers.Lab-TDD3";
				PRODUCT_NAME = "$(TARGET_NAME)";
				SWIFT_EMIT_LOC_STRINGS = YES;
				SWIFT_VERSION = 5.0;
				TARGETED_DEVICE_FAMILY = "1,2";
			};
			name = Release;
		};
		C33CB9442B6BED8800703FCB /* Debug */ = {
			isa = XCBuildConfiguration;
			buildSettings = {
				BUNDLE_LOADER = "$(TEST_HOST)";
				CODE_SIGN_STYLE = Automatic;
				CURRENT_PROJECT_VERSION = 1;
				DEVELOPMENT_TEAM = 5YZ2DZZ6ZL;
				GENERATE_INFOPLIST_FILE = YES;
				MARKETING_VERSION = 1.0;
				PRODUCT_BUNDLE_IDENTIFIER = "com.EverettBrothers.Lab-TDD3Tests";
				PRODUCT_NAME = "$(TARGET_NAME)";
				SWIFT_EMIT_LOC_STRINGS = NO;
				SWIFT_VERSION = 5.0;
				TARGETED_DEVICE_FAMILY = "1,2";
				TEST_HOST = "$(BUILT_PRODUCTS_DIR)/Lab-TDD3.app/$(BUNDLE_EXECUTABLE_FOLDER_PATH)/Lab-TDD3";
			};
			name = Debug;
		};
		C33CB9452B6BED8800703FCB /* Release */ = {
			isa = XCBuildConfiguration;
			buildSettings = {
				BUNDLE_LOADER = "$(TEST_HOST)";
				CODE_SIGN_STYLE = Automatic;
				CURRENT_PROJECT_VERSION = 1;
				DEVELOPMENT_TEAM = 5YZ2DZZ6ZL;
				GENERATE_INFOPLIST_FILE = YES;
				MARKETING_VERSION = 1.0;
				PRODUCT_BUNDLE_IDENTIFIER = "com.EverettBrothers.Lab-TDD3Tests";
				PRODUCT_NAME = "$(TARGET_NAME)";
				SWIFT_EMIT_LOC_STRINGS = NO;
				SWIFT_VERSION = 5.0;
				TARGETED_DEVICE_FAMILY = "1,2";
				TEST_HOST = "$(BUILT_PRODUCTS_DIR)/Lab-TDD3.app/$(BUNDLE_EXECUTABLE_FOLDER_PATH)/Lab-TDD3";
			};
			name = Release;
		};
/* End XCBuildConfiguration section */

/* Begin XCConfigurationList section */
		C33CB9232B6BED7800703FCB /* Build configuration list for PBXProject "Lab-TDD3" */ = {
			isa = XCConfigurationList;
			buildConfigurations = (
				C33CB9342B6BED7A00703FCB /* Debug */,
				C33CB9352B6BED7A00703FCB /* Release */,
			);
			defaultConfigurationIsVisible = 0;
			defaultConfigurationName = Release;
		};
		C33CB9362B6BED7A00703FCB /* Build configuration list for PBXNativeTarget "Lab-TDD3" */ = {
			isa = XCConfigurationList;
			buildConfigurations = (
				C33CB9372B6BED7A00703FCB /* Debug */,
				C33CB9382B6BED7A00703FCB /* Release */,
			);
			defaultConfigurationIsVisible = 0;
			defaultConfigurationName = Release;
		};
		C33CB9432B6BED8800703FCB /* Build configuration list for PBXNativeTarget "Lab-TDD3Tests" */ = {
			isa = XCConfigurationList;
			buildConfigurations = (
				C33CB9442B6BED8800703FCB /* Debug */,
				C33CB9452B6BED8800703FCB /* Release */,
			);
			defaultConfigurationIsVisible = 0;
			defaultConfigurationName = Release;
		};
/* End XCConfigurationList section */
	};
	rootObject = C33CB9202B6BED7800703FCB /* Project object */;
}
